# THIS IS AN AUTOGENERATED FILE. DO NOT EDIT THIS FILE DIRECTLY.
# yarn lockfile v1


eventemitter3@3.1.0:
  version "3.1.0"
  resolved "https://registry.yarnpkg.com/eventemitter3/-/eventemitter3-3.1.0.tgz#090b4d6cdbd645ed10bf750d4b5407942d7ba163"
  integrity sha512-ivIvhpq/Y0uSjcHDcOIccjmYjGLcP09MFGE7ysAwkAvkXfpZlC985pH2/ui64DKazbTW/4kN3yqozUxlXzI6cA==

three-gltf2-loader@~1.2.0:
  version "1.2.0"
  resolved "https://registry.yarnpkg.com/three-gltf2-loader/-/three-gltf2-loader-1.2.0.tgz#1fffae0659b1490034e6d055c7aabc439ab5de21"
  integrity sha512-CFB9wcKTBpADh6wVq32XYx81LyNS7j8e8edgdMEBLedz+Wle1Ytbh8h6qEa4XFLR4dFArVmwC244EQOyXUYfqA==
